Microsoft Visual Studio Solution File, Format Version 12.00
# Visual Studio Version 17
VisualStudioVersion = 17.5.2.0
MinimumVisualStudioVersion = 10.0.40219.1
Project("{FAE04EC0-301F-11D3-BF4B-00C04F79EFBC}") = "LoopUpAPI", "LoopUpAPI\LoopUpAPI.csproj", "{979B6A2C-0BD2-BB62-9062-4F5D7897F66E}"
EndProject
Global
	GlobalSection(SolutionConfigurationPlatforms) = preSolution
		Debug|Any CPU = Debug|Any CPU
		Release|Any CPU = Release|Any CPU
	EndGlobalSection
	GlobalSection(ProjectConfigurationPlatforms) = postSolution
		{979B6A2C-0BD2-BB62-9062-4F5D7897F66E}.Debug|Any CPU.ActiveCfg = Debug|Any CPU
		{979B6A2C-0BD2-BB62-9062-4F5D7897F66E}.Debug|Any CPU.Build.0 = Debug|Any CPU
		{979B6A2C-0BD2-BB62-9062-4F5D7897F66E}.Release|Any CPU.ActiveCfg = Release|Any CPU
		{979B6A2C-0BD2-BB62-9062-4F5D7897F66E}.Release|Any CPU.Build.0 = Release|Any CPU
	EndGlobalSection
	GlobalSection(SolutionProperties) = preSolution
		HideSolutionNode = FALSE
	EndGlobalSection
	GlobalSection(ExtensibilityGlobals) = postSolution
		SolutionGuid = {573DC4FA-6AA8-4162-AD4B-E4B161A77115}
	EndGlobalSection
EndGlobal
